
Microsoft Visual Studio Solution File, Format Version 12.00
# Visual Studio 2012
Project("{FAE04EC0-301F-11D3-BF4B-00C04F79EFBC}") = "circle-backend", "circle-backend\circle-backend.csproj", "{2DF2A3D9-2A5F-4D10-BED9-0789B5E43559}"
EndProject
Global
	GlobalSection(SolutionConfigurationPlatforms) = preSolution
		Debug|Any CPU = Debug|Any CPU
		Release|Any CPU = Release|Any CPU
	EndGlobalSection
	GlobalSection(ProjectConfigurationPlatforms) = postSolution
		{2DF2A3D9-2A5F-4D10-BED9-0789B5E43559}.Debug|Any CPU.ActiveCfg = Debug|Any CPU
		{2DF2A3D9-2A5F-4D10-BED9-0789B5E43559}.Debug|Any CPU.Build.0 = Debug|Any CPU
		{2DF2A3D9-2A5F-4D10-BED9-0789B5E43559}.Release|Any CPU.ActiveCfg = Release|Any CPU
		{2DF2A3D9-2A5F-4D10-BED9-0789B5E43559}.Release|Any CPU.Build.0 = Release|Any CPU
	EndGlobalSection
EndGlobal
